// !$*UTF8*$!
{
	archiveVersion = 1;
	classes = {
	};
	objectVersion = 46;
	objects = {

/* Begin PBXBuildFile section */
		FA3121B61354FF0500BC1F64 /* OOTBuddyList.m in Sources */ = {isa = PBXBuildFile; fileRef = FA53CA331354F3B800D60A4A /* OOTBuddyList.m */; };
		FA34E42313553D0F004F4C20 /* BuddyTitleCell.m in Sources */ = {isa = PBXBuildFile; fileRef = FA34E42213553D0F004F4C20 /* BuddyTitleCell.m */; };
		FA34E426135540E7004F4C20 /* BlankCell.m in Sources */ = {isa = PBXBuildFile; fileRef = FA34E425135540E6004F4C20 /* BlankCell.m */; };
		FA34E4381356778A004F4C20 /* AddBuddyWindow.m in Sources */ = {isa = PBXBuildFile; fileRef = FA34E4371356778A004F4C20 /* AddBuddyWindow.m */; };
		FA426FFF1357C29B00E0D8EC /* AddGroupWindow.m in Sources */ = {isa = PBXBuildFile; fileRef = FA426FFE1357C29B00E0D8EC /* AddGroupWindow.m */; };
		FA4270021357C91700E0D8EC /* OOTInsertGroup.m in Sources */ = {isa = PBXBuildFile; fileRef = FA4270011357C91600E0D8EC /* OOTInsertGroup.m */; };
		FA53CA281354E5E600D60A4A /* OOTArray.m in Sources */ = {isa = PBXBuildFile; fileRef = FA53CA271354E5E600D60A4A /* OOTArray.m */; };
		FA53CA2B1354E69900D60A4A /* OOTUtil.m in Sources */ = {isa = PBXBuildFile; fileRef = FA53CA2A1354E69900D60A4A /* OOTUtil.m */; };
		FA53CA311354ECE100D60A4A /* OOTBuddy.m in Sources */ = {isa = PBXBuildFile; fileRef = FA53CA301354ECE100D60A4A /* OOTBuddy.m */; };
		FA53CA371354FB4A00D60A4A /* OOTObjectCreator.m in Sources */ = {isa = PBXBuildFile; fileRef = FA53CA361354FB4700D60A4A /* OOTObjectCreator.m */; };
		FA807032135B264C00E46812 /* JIMPBuddyListManager.m in Sources */ = {isa = PBXBuildFile; fileRef = FA807031135B264C00E46812 /* JIMPBuddyListManager.m */; };
		FA8DFD47135A057600BA0CA2 /* BuddyOutline.m in Sources */ = {isa = PBXBuildFile; fileRef = FA8DFD46135A057600BA0CA2 /* BuddyOutline.m */; };
		FA8DFD4A135A1BE400BA0CA2 /* expand1.png in Resources */ = {isa = PBXBuildFile; fileRef = FA8DFD48135A1BE400BA0CA2 /* expand1.png */; };
		FA8DFD4B135A1BE400BA0CA2 /* expand2.png in Resources */ = {isa = PBXBuildFile; fileRef = FA8DFD49135A1BE400BA0CA2 /* expand2.png */; };
		FA8DFD4E135A202100BA0CA2 /* BuddyListItem.m in Sources */ = {isa = PBXBuildFile; fileRef = FA8DFD4D135A202100BA0CA2 /* BuddyListItem.m */; };
		FA8DFD50135A3AF300BA0CA2 /* jitsikIM.icns in Resources */ = {isa = PBXBuildFile; fileRef = FA8DFD4F135A3AF300BA0CA2 /* jitsikIM.icns */; };
		FA9868351350940C00EB7F4E /* Cocoa.framework in Frameworks */ = {isa = PBXBuildFile; fileRef = FA9868341350940C00EB7F4E /* Cocoa.framework */; };
		FA98683F1350940C00EB7F4E /* InfoPlist.strings in Resources */ = {isa = PBXBuildFile; fileRef = FA98683D1350940C00EB7F4E /* InfoPlist.strings */; };
		FA9868421350940C00EB7F4E /* main.m in Sources */ = {isa = PBXBuildFile; fileRef = FA9868411350940C00EB7F4E /* main.m */; };
		FA9868451350940D00EB7F4E /* Credits.rtf in Resources */ = {isa = PBXBuildFile; fileRef = FA9868431350940D00EB7F4E /* Credits.rtf */; };
		FA9868481350940D00EB7F4E /* JIMP_ClientAppDelegate.m in Sources */ = {isa = PBXBuildFile; fileRef = FA9868471350940D00EB7F4E /* JIMP_ClientAppDelegate.m */; };
		FA98684B1350940D00EB7F4E /* MainMenu.xib in Resources */ = {isa = PBXBuildFile; fileRef = FA9868491350940D00EB7F4E /* MainMenu.xib */; };
		FA9868521350940D00EB7F4E /* Cocoa.framework in Frameworks */ = {isa = PBXBuildFile; fileRef = FA9868341350940C00EB7F4E /* Cocoa.framework */; };
		FA98685A1350940D00EB7F4E /* InfoPlist.strings in Resources */ = {isa = PBXBuildFile; fileRef = FA9868581350940D00EB7F4E /* InfoPlist.strings */; };
		FA98685D1350940D00EB7F4E /* JIMP_ClientTests.h in Resources */ = {isa = PBXBuildFile; fileRef = FA98685C1350940D00EB7F4E /* JIMP_ClientTests.h */; };
		FA98685F1350940D00EB7F4E /* JIMP_ClientTests.m in Sources */ = {isa = PBXBuildFile; fileRef = FA98685E1350940D00EB7F4E /* JIMP_ClientTests.m */; };
		FA98686E1350945F00EB7F4E /* ANViewController.m in Sources */ = {isa = PBXBuildFile; fileRef = FA98686D1350945F00EB7F4E /* ANViewController.m */; };
		FA986871135097E300EB7F4E /* SignonViewController.m in Sources */ = {isa = PBXBuildFile; fileRef = FA986870135097E300EB7F4E /* SignonViewController.m */; };
		FA9868741350987F00EB7F4E /* NSTextField+Label.m in Sources */ = {isa = PBXBuildFile; fileRef = FA9868731350987F00EB7F4E /* NSTextField+Label.m */; };
		FA9868771350A19B00EB7F4E /* ANViewControllerView.m in Sources */ = {isa = PBXBuildFile; fileRef = FA9868761350A19A00EB7F4E /* ANViewControllerView.m */; };
		FA98687D1350A90F00EB7F4E /* ANLinkButton.m in Sources */ = {isa = PBXBuildFile; fileRef = FA98687C1350A90E00EB7F4E /* ANLinkButton.m */; };
		FA9868801350AD7400EB7F4E /* SignupViewController.m in Sources */ = {isa = PBXBuildFile; fileRef = FA98687F1350AD7400EB7F4E /* SignupViewController.m */; };
		FA9868841350B55100EB7F4E /* OOTObject.m in Sources */ = {isa = PBXBuildFile; fileRef = FA9868831350B55100EB7F4E /* OOTObject.m */; };
		FA9868871350B57400EB7F4E /* ANByteBuffer.m in Sources */ = {isa = PBXBuildFile; fileRef = FA9868861350B57400EB7F4E /* ANByteBuffer.m */; };
		FA98688A1350BFB100EB7F4E /* OOTConnection.m in Sources */ = {isa = PBXBuildFile; fileRef = FA9868891350BFAF00EB7F4E /* OOTConnection.m */; };
		FA9868931350C8BF00EB7F4E /* JIMPSessionManager.m in Sources */ = {isa = PBXBuildFile; fileRef = FA9868921350C8BE00EB7F4E /* JIMPSessionManager.m */; };
		FA9868961350CAE700EB7F4E /* OOTAccount.m in Sources */ = {isa = PBXBuildFile; fileRef = FA9868951350CAE600EB7F4E /* OOTAccount.m */; };
		FA9868991350CAFA00EB7F4E /* OOTText.m in Sources */ = {isa = PBXBuildFile; fileRef = FA9868981350CAF800EB7F4E /* OOTText.m */; };
		FA9868A61350CF9200EB7F4E /* NSString+MD5.m in Sources */ = {isa = PBXBuildFile; fileRef = FA9868A31350CF9200EB7F4E /* NSString+MD5.m */; };
		FA9868A71350CF9200EB7F4E /* NSData+hex.m in Sources */ = {isa = PBXBuildFile; fileRef = FA9868A51350CF9200EB7F4E /* NSData+hex.m */; };
		FA9868AA1350ED1F00EB7F4E /* LoadingViewController.m in Sources */ = {isa = PBXBuildFile; fileRef = FA9868A91350ED1C00EB7F4E /* LoadingViewController.m */; };
		FA9868AE1350F27300EB7F4E /* BuddyListViewController.m in Sources */ = {isa = PBXBuildFile; fileRef = FA9868AD1350F27300EB7F4E /* BuddyListViewController.m */; };
		FA9868B11350F41600EB7F4E /* OOTError.m in Sources */ = {isa = PBXBuildFile; fileRef = FA9868B01350F41400EB7F4E /* OOTError.m */; };
		FA9868B413510B6D00EB7F4E /* OOTSignup.m in Sources */ = {isa = PBXBuildFile; fileRef = FA9868B313510B6900EB7F4E /* OOTSignup.m */; };
		FADAF1C9135912B300409D27 /* OOTDeleteBuddy.m in Sources */ = {isa = PBXBuildFile; fileRef = FADAF1C8135912B300409D27 /* OOTDeleteBuddy.m */; };
		FADCFE53135A6FC000F837C4 /* OOTDeleteGroup.m in Sources */ = {isa = PBXBuildFile; fileRef = FADCFE52135A6FC000F837C4 /* OOTDeleteGroup.m */; };
		FAE517AA1357E7DC00788706 /* BuddyListCell.m in Sources */ = {isa = PBXBuildFile; fileRef = FAE517A91357E7DC00788706 /* BuddyListCell.m */; };
		FAF97A42135788AA00B4A9E9 /* OOTInsertBuddy.m in Sources */ = {isa = PBXBuildFile; fileRef = FAF97A41135788AA00B4A9E9 /* OOTInsertBuddy.m */; };
		FAFD2F9C135501F600534232 /* BuddyListDisplayView.m in Sources */ = {isa = PBXBuildFile; fileRef = FAFD2F9B135501F600534232 /* BuddyListDisplayView.m */; };
		FAFD2F9F1355021D00534232 /* BuddyList.m in Sources */ = {isa = PBXBuildFile; fileRef = FAFD2F9E1355021D00534232 /* BuddyList.m */; };
/* End PBXBuildFile section */

/* Begin PBXContainerItemProxy section */
		FA9868531350940D00EB7F4E /* PBXContainerItemProxy */ = {
			isa = PBXContainerItemProxy;
			containerPortal = FA9868271350940C00EB7F4E /* Project object */;
			proxyType = 1;
			remoteGlobalIDString = FA98682F1350940C00EB7F4E;
			remoteInfo = "JIMP Client";
		};
/* End PBXContainerItemProxy section */

/* Begin PBXFileReference section */
		FA34E42113553D0F004F4C20 /* BuddyTitleCell.h */ = {isa = PBXFileReference; fileEncoding = 4; lastKnownFileType = sourcecode.c.h; path = BuddyTitleCell.h; sourceTree = "<group>"; };
		FA34E42213553D0F004F4C20 /* BuddyTitleCell.m */ = {isa = PBXFileReference; fileEncoding = 4; lastKnownFileType = sourcecode.c.objc; path = BuddyTitleCell.m; sourceTree = "<group>"; };
		FA34E424135540E6004F4C20 /* BlankCell.h */ = {isa = PBXFileReference; fileEncoding = 4; lastKnownFileType = sourcecode.c.h; path = BlankCell.h; sourceTree = "<group>"; };
		FA34E425135540E6004F4C20 /* BlankCell.m */ = {isa = PBXFileReference; fileEncoding = 4; lastKnownFileType = sourcecode.c.objc; path = BlankCell.m; sourceTree = "<group>"; };
		FA34E4361356778A004F4C20 /* AddBuddyWindow.h */ = {isa = PBXFileReference; fileEncoding = 4; lastKnownFileType = sourcecode.c.h; path = AddBuddyWindow.h; sourceTree = "<group>"; };
		FA34E4371356778A004F4C20 /* AddBuddyWindow.m */ = {isa = PBXFileReference; fileEncoding = 4; lastKnownFileType = sourcecode.c.objc; path = AddBuddyWindow.m; sourceTree = "<group>"; };
		FA426FFD1357C29B00E0D8EC /* AddGroupWindow.h */ = {isa = PBXFileReference; fileEncoding = 4; lastKnownFileType = sourcecode.c.h; path = AddGroupWindow.h; sourceTree = "<group>"; };
		FA426FFE1357C29B00E0D8EC /* AddGroupWindow.m */ = {isa = PBXFileReference; fileEncoding = 4; lastKnownFileType = sourcecode.c.objc; path = AddGroupWindow.m; sourceTree = "<group>"; };
		FA4270001357C91600E0D8EC /* OOTInsertGroup.h */ = {isa = PBXFileReference; fileEncoding = 4; lastKnownFileType = sourcecode.c.h; path = OOTInsertGroup.h; sourceTree = "<group>"; };
		FA4270011357C91600E0D8EC /* OOTInsertGroup.m */ = {isa = PBXFileReference; fileEncoding = 4; lastKnownFileType = sourcecode.c.objc; path = OOTInsertGroup.m; sourceTree = "<group>"; };
		FA53CA261354E5E600D60A4A /* OOTArray.h */ = {isa = PBXFileReference; fileEncoding = 4; lastKnownFileType = sourcecode.c.h; path = OOTArray.h; sourceTree = "<group>"; };
		FA53CA271354E5E600D60A4A /* OOTArray.m */ = {isa = PBXFileReference; fileEncoding = 4; lastKnownFileType = sourcecode.c.objc; path = OOTArray.m; sourceTree = "<group>"; };
		FA53CA291354E69800D60A4A /* OOTUtil.h */ = {isa = PBXFileReference; fileEncoding = 4; lastKnownFileType = sourcecode.c.h; path = OOTUtil.h; sourceTree = "<group>"; };
		FA53CA2A1354E69900D60A4A /* OOTUtil.m */ = {isa = PBXFileReference; fileEncoding = 4; lastKnownFileType = sourcecode.c.objc; path = OOTUtil.m; sourceTree = "<group>"; };
		FA53CA2F1354ECE100D60A4A /* OOTBuddy.h */ = {isa = PBXFileReference; fileEncoding = 4; lastKnownFileType = sourcecode.c.h; path = OOTBuddy.h; sourceTree = "<group>"; };
		FA53CA301354ECE100D60A4A /* OOTBuddy.m */ = {isa = PBXFileReference; fileEncoding = 4; lastKnownFileType = sourcecode.c.objc; path = OOTBuddy.m; sourceTree = "<group>"; };
		FA53CA321354F3B800D60A4A /* OOTBuddyList.h */ = {isa = PBXFileReference; fileEncoding = 4; lastKnownFileType = sourcecode.c.h; path = OOTBuddyList.h; sourceTree = "<group>"; };
		FA53CA331354F3B800D60A4A /* OOTBuddyList.m */ = {isa = PBXFileReference; fileEncoding = 4; lastKnownFileType = sourcecode.c.objc; path = OOTBuddyList.m; sourceTree = "<group>"; };
		FA53CA351354FB4300D60A4A /* OOTObjectCreator.h */ = {isa = PBXFileReference; fileEncoding = 4; lastKnownFileType = sourcecode.c.h; path = OOTObjectCreator.h; sourceTree = "<group>"; };
		FA53CA361354FB4700D60A4A /* OOTObjectCreator.m */ = {isa = PBXFileReference; fileEncoding = 4; lastKnownFileType = sourcecode.c.objc; path = OOTObjectCreator.m; sourceTree = "<group>"; };
		FA807030135B264C00E46812 /* JIMPBuddyListManager.h */ = {isa = PBXFileReference; fileEncoding = 4; lastKnownFileType = sourcecode.c.h; path = JIMPBuddyListManager.h; sourceTree = "<group>"; };
		FA807031135B264C00E46812 /* JIMPBuddyListManager.m */ = {isa = PBXFileReference; fileEncoding = 4; lastKnownFileType = sourcecode.c.objc; path = JIMPBuddyListManager.m; sourceTree = "<group>"; };
		FA8DFD45135A057600BA0CA2 /* BuddyOutline.h */ = {isa = PBXFileReference; fileEncoding = 4; lastKnownFileType = sourcecode.c.h; path = BuddyOutline.h; sourceTree = "<group>"; };
		FA8DFD46135A057600BA0CA2 /* BuddyOutline.m */ = {isa = PBXFileReference; fileEncoding = 4; lastKnownFileType = sourcecode.c.objc; path = BuddyOutline.m; sourceTree = "<group>"; };
		FA8DFD48135A1BE400BA0CA2 /* expand1.png */ = {isa = PBXFileReference; lastKnownFileType = image.png; path = expand1.png; sourceTree = "<group>"; };
		FA8DFD49135A1BE400BA0CA2 /* expand2.png */ = {isa = PBXFileReference; lastKnownFileType = image.png; path = expand2.png; sourceTree = "<group>"; };
		FA8DFD4C135A202000BA0CA2 /* BuddyListItem.h */ = {isa = PBXFileReference; fileEncoding = 4; lastKnownFileType = sourcecode.c.h; path = BuddyListItem.h; sourceTree = "<group>"; };
		FA8DFD4D135A202100BA0CA2 /* BuddyListItem.m */ = {isa = PBXFileReference; fileEncoding = 4; lastKnownFileType = sourcecode.c.objc; path = BuddyListItem.m; sourceTree = "<group>"; };
		FA8DFD4F135A3AF300BA0CA2 /* jitsikIM.icns */ = {isa = PBXFileReference; lastKnownFileType = image.icns; path = jitsikIM.icns; sourceTree = "<group>"; };
		FA9868301350940C00EB7F4E /* JIMP Client.app */ = {isa = PBXFileReference; explicitFileType = wrapper.application; includeInIndex = 0; path = "JIMP Client.app"; sourceTree = BUILT_PRODUCTS_DIR; };
		FA9868341350940C00EB7F4E /* Cocoa.framework */ = {isa = PBXFileReference; lastKnownFileType = wrapper.framework; name = Cocoa.framework; path = System/Library/Frameworks/Cocoa.framework; sourceTree = SDKROOT; };
		FA9868371350940C00EB7F4E /* AppKit.framework */ = {isa = PBXFileReference; lastKnownFileType = wrapper.framework; name = AppKit.framework; path = System/Library/Frameworks/AppKit.framework; sourceTree = SDKROOT; };
		FA9868381350940C00EB7F4E /* CoreData.framework */ = {isa = PBXFileReference; lastKnownFileType = wrapper.framework; name = CoreData.framework; path = System/Library/Frameworks/CoreData.framework; sourceTree = SDKROOT; };
		FA9868391350940C00EB7F4E /* Foundation.framework */ = {isa = PBXFileReference; lastKnownFileType = wrapper.framework; name = Foundation.framework; path = System/Library/Frameworks/Foundation.framework; sourceTree = SDKROOT; };
		FA98683C1350940C00EB7F4E /* JIMP Client-Info.plist */ = {isa = PBXFileReference; lastKnownFileType = text.plist.xml; path = "JIMP Client-Info.plist"; sourceTree = "<group>"; };
		FA98683E1350940C00EB7F4E /* en */ = {isa = PBXFileReference; lastKnownFileType = text.plist.strings; name = en; path = en.lproj/InfoPlist.strings; sourceTree = "<group>"; };
		FA9868401350940C00EB7F4E /* JIMP Client-Prefix.pch */ = {isa = PBXFileReference; lastKnownFileType = sourcecode.c.h; path = "JIMP Client-Prefix.pch"; sourceTree = "<group>"; };
		FA9868411350940C00EB7F4E /* main.m */ = {isa = PBXFileReference; lastKnownFileType = sourcecode.c.objc; path = main.m; sourceTree = "<group>"; };
		FA9868441350940D00EB7F4E /* en */ = {isa = PBXFileReference; lastKnownFileType = text.rtf; name = en; path = en.lproj/Credits.rtf; sourceTree = "<group>"; };
		FA9868461350940D00EB7F4E /* JIMP_ClientAppDelegate.h */ = {isa = PBXFileReference; lastKnownFileType = sourcecode.c.h; path = JIMP_ClientAppDelegate.h; sourceTree = "<group>"; };
		FA9868471350940D00EB7F4E /* JIMP_ClientAppDelegate.m */ = {isa = PBXFileReference; lastKnownFileType = sourcecode.c.objc; path = JIMP_ClientAppDelegate.m; sourceTree = "<group>"; };
		FA98684A1350940D00EB7F4E /* en */ = {isa = PBXFileReference; lastKnownFileType = file.xib; name = en; path = en.lproj/MainMenu.xib; sourceTree = "<group>"; };
		FA9868511350940D00EB7F4E /* JIMP ClientTests.octest */ = {isa = PBXFileReference; explicitFileType = wrapper.cfbundle; includeInIndex = 0; path = "JIMP ClientTests.octest"; sourceTree = BUILT_PRODUCTS_DIR; };
		FA9868571350940D00EB7F4E /* JIMP ClientTests-Info.plist */ = {isa = PBXFileReference; lastKnownFileType = text.plist.xml; path = "JIMP ClientTests-Info.plist"; sourceTree = "<group>"; };
		FA9868591350940D00EB7F4E /* en */ = {isa = PBXFileReference; lastKnownFileType = text.plist.strings; name = en; path = en.lproj/InfoPlist.strings; sourceTree = "<group>"; };
		FA98685B1350940D00EB7F4E /* JIMP ClientTests-Prefix.pch */ = {isa = PBXFileReference; lastKnownFileType = sourcecode.c.h; path = "JIMP ClientTests-Prefix.pch"; sourceTree = "<group>"; };
		FA98685C1350940D00EB7F4E /* JIMP_ClientTests.h */ = {isa = PBXFileReference; lastKnownFileType = sourcecode.c.h; path = JIMP_ClientTests.h; sourceTree = "<group>"; };
		FA98685E1350940D00EB7F4E /* JIMP_ClientTests.m */ = {isa = PBXFileReference; lastKnownFileType = sourcecode.c.objc; path = JIMP_ClientTests.m; sourceTree = "<group>"; };
		FA98686C1350945F00EB7F4E /* ANViewController.h */ = {isa = PBXFileReference; fileEncoding = 4; lastKnownFileType = sourcecode.c.h; path = ANViewController.h; sourceTree = "<group>"; };
		FA98686D1350945F00EB7F4E /* ANViewController.m */ = {isa = PBXFileReference; fileEncoding = 4; lastKnownFileType = sourcecode.c.objc; path = ANViewController.m; sourceTree = "<group>"; };
		FA98686F135097E300EB7F4E /* SignonViewController.h */ = {isa = PBXFileReference; fileEncoding = 4; lastKnownFileType = sourcecode.c.h; path = SignonViewController.h; sourceTree = "<group>"; };
		FA986870135097E300EB7F4E /* SignonViewController.m */ = {isa = PBXFileReference; fileEncoding = 4; lastKnownFileType = sourcecode.c.objc; path = SignonViewController.m; sourceTree = "<group>"; };
		FA9868721350987F00EB7F4E /* NSTextField+Label.h */ = {isa = PBXFileReference; fileEncoding = 4; lastKnownFileType = sourcecode.c.h; path = "NSTextField+Label.h"; sourceTree = "<group>"; };
		FA9868731350987F00EB7F4E /* NSTextField+Label.m */ = {isa = PBXFileReference; fileEncoding = 4; lastKnownFileType = sourcecode.c.objc; path = "NSTextField+Label.m"; sourceTree = "<group>"; };
		FA9868751350A19A00EB7F4E /* ANViewControllerView.h */ = {isa = PBXFileReference; fileEncoding = 4; lastKnownFileType = sourcecode.c.h; path = ANViewControllerView.h; sourceTree = "<group>"; };
		FA9868761350A19A00EB7F4E /* ANViewControllerView.m */ = {isa = PBXFileReference; fileEncoding = 4; lastKnownFileType = sourcecode.c.objc; path = ANViewControllerView.m; sourceTree = "<group>"; };
		FA98687B1350A90E00EB7F4E /* ANLinkButton.h */ = {isa = PBXFileReference; fileEncoding = 4; lastKnownFileType = sourcecode.c.h; path = ANLinkButton.h; sourceTree = "<group>"; };
		FA98687C1350A90E00EB7F4E /* ANLinkButton.m */ = {isa = PBXFileReference; fileEncoding = 4; lastKnownFileType = sourcecode.c.objc; path = ANLinkButton.m; sourceTree = "<group>"; };
		FA98687E1350AD7300EB7F4E /* SignupViewController.h */ = {isa = PBXFileReference; fileEncoding = 4; lastKnownFileType = sourcecode.c.h; path = SignupViewController.h; sourceTree = "<group>"; };
		FA98687F1350AD7400EB7F4E /* SignupViewController.m */ = {isa = PBXFileReference; fileEncoding = 4; lastKnownFileType = sourcecode.c.objc; path = SignupViewController.m; sourceTree = "<group>"; };
		FA9868821350B55100EB7F4E /* OOTObject.h */ = {isa = PBXFileReference; fileEncoding = 4; lastKnownFileType = sourcecode.c.h; path = OOTObject.h; sourceTree = "<group>"; };
		FA9868831350B55100EB7F4E /* OOTObject.m */ = {isa = PBXFileReference; fileEncoding = 4; lastKnownFileType = sourcecode.c.objc; path = OOTObject.m; sourceTree = "<group>"; };
		FA9868851350B57400EB7F4E /* ANByteBuffer.h */ = {isa = PBXFileReference; fileEncoding = 4; lastKnownFileType = sourcecode.c.h; path = ANByteBuffer.h; sourceTree = "<group>"; };
		FA9868861350B57400EB7F4E /* ANByteBuffer.m */ = {isa = PBXFileReference; fileEncoding = 4; lastKnownFileType = sourcecode.c.objc; path = ANByteBuffer.m; sourceTree = "<group>"; };
		FA9868881350BFAE00EB7F4E /* OOTConnection.h */ = {isa = PBXFileReference; fileEncoding = 4; lastKnownFileType = sourcecode.c.h; path = OOTConnection.h; sourceTree = "<group>"; };
		FA9868891350BFAF00EB7F4E /* OOTConnection.m */ = {isa = PBXFileReference; fileEncoding = 4; lastKnownFileType = sourcecode.c.objc; path = OOTConnection.m; sourceTree = "<group>"; };
		FA9868911350C8BD00EB7F4E /* JIMPSessionManager.h */ = {isa = PBXFileReference; fileEncoding = 4; lastKnownFileType = sourcecode.c.h; path = JIMPSessionManager.h; sourceTree = "<group>"; };
		FA9868921350C8BE00EB7F4E /* JIMPSessionManager.m */ = {isa = PBXFileReference; fileEncoding = 4; lastKnownFileType = sourcecode.c.objc; path = JIMPSessionManager.m; sourceTree = "<group>"; };
		FA9868941350CAE400EB7F4E /* OOTAccount.h */ = {isa = PBXFileReference; fileEncoding = 4; lastKnownFileType = sourcecode.c.h; path = OOTAccount.h; sourceTree = "<group>"; };
		FA9868951350CAE600EB7F4E /* OOTAccount.m */ = {isa = PBXFileReference; fileEncoding = 4; lastKnownFileType = sourcecode.c.objc; path = OOTAccount.m; sourceTree = "<group>"; };
		FA9868971350CAF600EB7F4E /* OOTText.h */ = {isa = PBXFileReference; fileEncoding = 4; lastKnownFileType = sourcecode.c.h; path = OOTText.h; sourceTree = "<group>"; };
		FA9868981350CAF800EB7F4E /* OOTText.m */ = {isa = PBXFileReference; fileEncoding = 4; lastKnownFileType = sourcecode.c.objc; path = OOTText.m; sourceTree = "<group>"; };
		FA9868A21350CF9200EB7F4E /* NSString+MD5.h */ = {isa = PBXFileReference; fileEncoding = 4; lastKnownFileType = sourcecode.c.h; path = "NSString+MD5.h"; sourceTree = "<group>"; };
		FA9868A31350CF9200EB7F4E /* NSString+MD5.m */ = {isa = PBXFileReference; fileEncoding = 4; lastKnownFileType = sourcecode.c.objc; path = "NSString+MD5.m"; sourceTree = "<group>"; };
		FA9868A41350CF9200EB7F4E /* NSData+hex.h */ = {isa = PBXFileReference; fileEncoding = 4; lastKnownFileType = sourcecode.c.h; path = "NSData+hex.h"; sourceTree = "<group>"; };
		FA9868A51350CF9200EB7F4E /* NSData+hex.m */ = {isa = PBXFileReference; fileEncoding = 4; lastKnownFileType = sourcecode.c.objc; path = "NSData+hex.m"; sourceTree = "<group>"; };
		FA9868A81350ED1B00EB7F4E /* LoadingViewController.h */ = {isa = PBXFileReference; fileEncoding = 4; lastKnownFileType = sourcecode.c.h; path = LoadingViewController.h; sourceTree = "<group>"; };
		FA9868A91350ED1C00EB7F4E /* LoadingViewController.m */ = {isa = PBXFileReference; fileEncoding = 4; lastKnownFileType = sourcecode.c.objc; path = LoadingViewController.m; sourceTree = "<group>"; };
		FA9868AC1350F27300EB7F4E /* BuddyListViewController.h */ = {isa = PBXFileReference; fileEncoding = 4; lastKnownFileType = sourcecode.c.h; path = BuddyListViewController.h; sourceTree = "<group>"; };
		FA9868AD1350F27300EB7F4E /* BuddyListViewController.m */ = {isa = PBXFileReference; fileEncoding = 4; lastKnownFileType = sourcecode.c.objc; path = BuddyListViewController.m; sourceTree = "<group>"; };
		FA9868AF1350F41200EB7F4E /* OOTError.h */ = {isa = PBXFileReference; fileEncoding = 4; lastKnownFileType = sourcecode.c.h; path = OOTError.h; sourceTree = "<group>"; };
		FA9868B01350F41400EB7F4E /* OOTError.m */ = {isa = PBXFileReference; fileEncoding = 4; lastKnownFileType = sourcecode.c.objc; path = OOTError.m; sourceTree = "<group>"; };
		FA9868B213510B6500EB7F4E /* OOTSignup.h */ = {isa = PBXFileReference; fileEncoding = 4; lastKnownFileType = sourcecode.c.h; path = OOTSignup.h; sourceTree = "<group>"; };
		FA9868B313510B6900EB7F4E /* OOTSignup.m */ = {isa = PBXFileReference; fileEncoding = 4; lastKnownFileType = sourcecode.c.objc; path = OOTSignup.m; sourceTree = "<group>"; };
		FADAF1C7135912B300409D27 /* OOTDeleteBuddy.h */ = {isa = PBXFileReference; fileEncoding = 4; lastKnownFileType = sourcecode.c.h; path = OOTDeleteBuddy.h; sourceTree = "<group>"; };
		FADAF1C8135912B300409D27 /* OOTDeleteBuddy.m */ = {isa = PBXFileReference; fileEncoding = 4; lastKnownFileType = sourcecode.c.objc; path = OOTDeleteBuddy.m; sourceTree = "<group>"; };
		FADCFE51135A6FC000F837C4 /* OOTDeleteGroup.h */ = {isa = PBXFileReference; fileEncoding = 4; lastKnownFileType = sourcecode.c.h; path = OOTDeleteGroup.h; sourceTree = "<group>"; };
		FADCFE52135A6FC000F837C4 /* OOTDeleteGroup.m */ = {isa = PBXFileReference; fileEncoding = 4; lastKnownFileType = sourcecode.c.objc; path = OOTDeleteGroup.m; sourceTree = "<group>"; };
		FAE517A81357E7DC00788706 /* BuddyListCell.h */ = {isa = PBXFileReference; fileEncoding = 4; lastKnownFileType = sourcecode.c.h; path = BuddyListCell.h; sourceTree = "<group>"; };
		FAE517A91357E7DC00788706 /* BuddyListCell.m */ = {isa = PBXFileReference; fileEncoding = 4; lastKnownFileType = sourcecode.c.objc; path = BuddyListCell.m; sourceTree = "<group>"; };
		FAF97A40135788AA00B4A9E9 /* OOTInsertBuddy.h */ = {isa = PBXFileReference; fileEncoding = 4; lastKnownFileType = sourcecode.c.h; path = OOTInsertBuddy.h; sourceTree = "<group>"; };
		FAF97A41135788AA00B4A9E9 /* OOTInsertBuddy.m */ = {isa = PBXFileReference; fileEncoding = 4; lastKnownFileType = sourcecode.c.objc; path = OOTInsertBuddy.m; sourceTree = "<group>"; };
		FAFD2F9A135501F600534232 /* BuddyListDisplayView.h */ = {isa = PBXFileReference; fileEncoding = 4; lastKnownFileType = sourcecode.c.h; path = BuddyListDisplayView.h; sourceTree = "<group>"; };
		FAFD2F9B135501F600534232 /* BuddyListDisplayView.m */ = {isa = PBXFileReference; fileEncoding = 4; lastKnownFileType = sourcecode.c.objc; path = BuddyListDisplayView.m; sourceTree = "<group>"; };
		FAFD2F9D1355021D00534232 /* BuddyList.h */ = {isa = PBXFileReference; fileEncoding = 4; lastKnownFileType = sourcecode.c.h; path = BuddyList.h; sourceTree = "<group>"; };
		FAFD2F9E1355021D00534232 /* BuddyList.m */ = {isa = PBXFileReference; fileEncoding = 4; lastKnownFileType = sourcecode.c.objc; path = BuddyList.m; sourceTree = "<group>"; };
/* End PBXFileReference section */

/* Begin PBXFrameworksBuildPhase section */
		FA98682D1350940C00EB7F4E /* Frameworks */ = {
			isa = PBXFrameworksBuildPhase;
			buildActionMask = 2147483647;
			files = (
				FA9868351350940C00EB7F4E /* Cocoa.framework in Frameworks */,
			);
			runOnlyForDeploymentPostprocessing = 0;
		};
		FA98684D1350940D00EB7F4E /* Frameworks */ = {
			isa = PBXFrameworksBuildPhase;
			buildActionMask = 2147483647;
			files = (
				FA9868521350940D00EB7F4E /* Cocoa.framework in Frameworks */,
			);
			runOnlyForDeploymentPostprocessing = 0;
		};
/* End PBXFrameworksBuildPhase section */

/* Begin PBXGroup section */
		FA34E42D13567709004F4C20 /* BuddyList */ = {
			isa = PBXGroup;
			children = (
				FA8DFD44135A056500BA0CA2 /* Display */,
				FA34E42F1356772F004F4C20 /* Pop-ups */,
				FA34E42E13567716004F4C20 /* Cells */,
				FA9868AC1350F27300EB7F4E /* BuddyListViewController.h */,
				FA9868AD1350F27300EB7F4E /* BuddyListViewController.m */,
			);
			name = BuddyList;
			sourceTree = "<group>";
		};
		FA34E42E13567716004F4C20 /* Cells */ = {
			isa = PBXGroup;
			children = (
				FA34E42113553D0F004F4C20 /* BuddyTitleCell.h */,
				FA34E42213553D0F004F4C20 /* BuddyTitleCell.m */,
				FAE517A81357E7DC00788706 /* BuddyListCell.h */,
				FAE517A91357E7DC00788706 /* BuddyListCell.m */,
				FA34E424135540E6004F4C20 /* BlankCell.h */,
				FA34E425135540E6004F4C20 /* BlankCell.m */,
			);
			name = Cells;
			sourceTree = "<group>";
		};
		FA34E42F1356772F004F4C20 /* Pop-ups */ = {
			isa = PBXGroup;
			children = (
				FA34E4361356778A004F4C20 /* AddBuddyWindow.h */,
				FA34E4371356778A004F4C20 /* AddBuddyWindow.m */,
				FA426FFD1357C29B00E0D8EC /* AddGroupWindow.h */,
				FA426FFE1357C29B00E0D8EC /* AddGroupWindow.m */,
			);
			name = "Pop-ups";
			sourceTree = "<group>";
		};
		FA53CA2C1354ECB600D60A4A /* Basic */ = {
			isa = PBXGroup;
			children = (
				FA9868821350B55100EB7F4E /* OOTObject.h */,
				FA9868831350B55100EB7F4E /* OOTObject.m */,
				FA9868971350CAF600EB7F4E /* OOTText.h */,
				FA9868981350CAF800EB7F4E /* OOTText.m */,
				FA9868AF1350F41200EB7F4E /* OOTError.h */,
				FA9868B01350F41400EB7F4E /* OOTError.m */,
				FA53CA261354E5E600D60A4A /* OOTArray.h */,
				FA53CA271354E5E600D60A4A /* OOTArray.m */,
			);
			name = Basic;
			sourceTree = "<group>";
		};
		FA53CA2D1354ECC800D60A4A /* Accounts */ = {
			isa = PBXGroup;
			children = (
				FA9868941350CAE400EB7F4E /* OOTAccount.h */,
				FA9868951350CAE600EB7F4E /* OOTAccount.m */,
				FA9868B213510B6500EB7F4E /* OOTSignup.h */,
				FA9868B313510B6900EB7F4E /* OOTSignup.m */,
			);
			name = Accounts;
			sourceTree = "<group>";
		};
		FA53CA2E1354ECD100D60A4A /* Buddy List */ = {
			isa = PBXGroup;
			children = (
				FAF97A3F1357887B00B4A9E9 /* Editing */,
				FA53CA2F1354ECE100D60A4A /* OOTBuddy.h */,
				FA53CA301354ECE100D60A4A /* OOTBuddy.m */,
				FA53CA321354F3B800D60A4A /* OOTBuddyList.h */,
				FA53CA331354F3B800D60A4A /* OOTBuddyList.m */,
			);
			name = "Buddy List";
			sourceTree = "<group>";
		};
		FA8DFD44135A056500BA0CA2 /* Display */ = {
			isa = PBXGroup;
			children = (
				FAFD2F9A135501F600534232 /* BuddyListDisplayView.h */,
				FAFD2F9B135501F600534232 /* BuddyListDisplayView.m */,
				FA8DFD45135A057600BA0CA2 /* BuddyOutline.h */,
				FA8DFD46135A057600BA0CA2 /* BuddyOutline.m */,
				FAFD2F9D1355021D00534232 /* BuddyList.h */,
				FAFD2F9E1355021D00534232 /* BuddyList.m */,
				FA8DFD4C135A202000BA0CA2 /* BuddyListItem.h */,
				FA8DFD4D135A202100BA0CA2 /* BuddyListItem.m */,
			);
			name = Display;
			sourceTree = "<group>";
		};
		FA9868251350940C00EB7F4E = {
			isa = PBXGroup;
			children = (
				FA98683A1350940C00EB7F4E /* JIMP Client */,
				FA9868551350940D00EB7F4E /* JIMP ClientTests */,
				FA9868331350940C00EB7F4E /* Frameworks */,
				FA9868311350940C00EB7F4E /* Products */,
			);
			sourceTree = "<group>";
		};
		FA9868311350940C00EB7F4E /* Products */ = {
			isa = PBXGroup;
			children = (
				FA9868301350940C00EB7F4E /* JIMP Client.app */,
				FA9868511350940D00EB7F4E /* JIMP ClientTests.octest */,
			);
			name = Products;
			sourceTree = "<group>";
		};
		FA9868331350940C00EB7F4E /* Frameworks */ = {
			isa = PBXGroup;
			children = (
				FA9868341350940C00EB7F4E /* Cocoa.framework */,
				FA9868361350940C00EB7F4E /* Other Frameworks */,
			);
			name = Frameworks;
			sourceTree = "<group>";
		};
		FA9868361350940C00EB7F4E /* Other Frameworks */ = {
			isa = PBXGroup;
			children = (
				FA9868371350940C00EB7F4E /* AppKit.framework */,
				FA9868381350940C00EB7F4E /* CoreData.framework */,
				FA9868391350940C00EB7F4E /* Foundation.framework */,
			);
			name = "Other Frameworks";
			sourceTree = "<group>";
		};
		FA98683A1350940C00EB7F4E /* JIMP Client */ = {
			isa = PBXGroup;
			children = (
				FA9868811350B53000EB7F4E /* JIMP Connection */,
				FA98686C1350945F00EB7F4E /* ANViewController.h */,
				FA98686D1350945F00EB7F4E /* ANViewController.m */,
				FA9868751350A19A00EB7F4E /* ANViewControllerView.h */,
				FA9868761350A19A00EB7F4E /* ANViewControllerView.m */,
				FA98686B1350943D00EB7F4E /* Signon */,
				FA9868AB1350F1F700EB7F4E /* Main Window */,
				FA9868461350940D00EB7F4E /* JIMP_ClientAppDelegate.h */,
				FA9868471350940D00EB7F4E /* JIMP_ClientAppDelegate.m */,
				FA9868491350940D00EB7F4E /* MainMenu.xib */,
				FA98683B1350940C00EB7F4E /* Supporting Files */,
				FA9868721350987F00EB7F4E /* NSTextField+Label.h */,
				FA9868731350987F00EB7F4E /* NSTextField+Label.m */,
			);
			path = "JIMP Client";
			sourceTree = "<group>";
		};
		FA98683B1350940C00EB7F4E /* Supporting Files */ = {
			isa = PBXGroup;
			children = (
				FA98683C1350940C00EB7F4E /* JIMP Client-Info.plist */,
				FA98683D1350940C00EB7F4E /* InfoPlist.strings */,
				FA8DFD4F135A3AF300BA0CA2 /* jitsikIM.icns */,
				FA8DFD48135A1BE400BA0CA2 /* expand1.png */,
				FA8DFD49135A1BE400BA0CA2 /* expand2.png */,
				FA9868401350940C00EB7F4E /* JIMP Client-Prefix.pch */,
				FA9868411350940C00EB7F4E /* main.m */,
				FA9868431350940D00EB7F4E /* Credits.rtf */,
			);
			name = "Supporting Files";
			sourceTree = "<group>";
		};
		FA9868551350940D00EB7F4E /* JIMP ClientTests */ = {
			isa = PBXGroup;
			children = (
				FA98685C1350940D00EB7F4E /* JIMP_ClientTests.h */,
				FA98685E1350940D00EB7F4E /* JIMP_ClientTests.m */,
				FA9868561350940D00EB7F4E /* Supporting Files */,
			);
			path = "JIMP ClientTests";
			sourceTree = "<group>";
		};
		FA9868561350940D00EB7F4E /* Supporting Files */ = {
			isa = PBXGroup;
			children = (
				FA9868571350940D00EB7F4E /* JIMP ClientTests-Info.plist */,
				FA9868581350940D00EB7F4E /* InfoPlist.strings */,
				FA98685B1350940D00EB7F4E /* JIMP ClientTests-Prefix.pch */,
			);
			name = "Supporting Files";
			sourceTree = "<group>";
		};
		FA98686B1350943D00EB7F4E /* Signon */ = {
			isa = PBXGroup;
			children = (
				FA98686F135097E300EB7F4E /* SignonViewController.h */,
				FA986870135097E300EB7F4E /* SignonViewController.m */,
				FA98687E1350AD7300EB7F4E /* SignupViewController.h */,
				FA98687F1350AD7400EB7F4E /* SignupViewController.m */,
				FA9868A81350ED1B00EB7F4E /* LoadingViewController.h */,
				FA9868A91350ED1C00EB7F4E /* LoadingViewController.m */,
				FA98687B1350A90E00EB7F4E /* ANLinkButton.h */,
				FA98687C1350A90E00EB7F4E /* ANLinkButton.m */,
			);
			name = Signon;
			sourceTree = "<group>";
		};
		FA9868811350B53000EB7F4E /* JIMP Connection */ = {
			isa = PBXGroup;
			children = (
				FA9868A11350CF8800EB7F4E /* MD5 */,
				FA98689A1350CB0200EB7F4E /* OOTObject */,
				FA9868881350BFAE00EB7F4E /* OOTConnection.h */,
				FA9868891350BFAF00EB7F4E /* OOTConnection.m */,
				FA9868911350C8BD00EB7F4E /* JIMPSessionManager.h */,
				FA9868921350C8BE00EB7F4E /* JIMPSessionManager.m */,
				FA9868851350B57400EB7F4E /* ANByteBuffer.h */,
				FA9868861350B57400EB7F4E /* ANByteBuffer.m */,
				FA53CA291354E69800D60A4A /* OOTUtil.h */,
				FA53CA2A1354E69900D60A4A /* OOTUtil.m */,
				FA807030135B264C00E46812 /* JIMPBuddyListManager.h */,
				FA807031135B264C00E46812 /* JIMPBuddyListManager.m */,
			);
			name = "JIMP Connection";
			sourceTree = "<group>";
		};
		FA98689A1350CB0200EB7F4E /* OOTObject */ = {
			isa = PBXGroup;
			children = (
				FA53CA2E1354ECD100D60A4A /* Buddy List */,
				FA53CA2D1354ECC800D60A4A /* Accounts */,
				FA53CA2C1354ECB600D60A4A /* Basic */,
				FA53CA351354FB4300D60A4A /* OOTObjectCreator.h */,
				FA53CA361354FB4700D60A4A /* OOTObjectCreator.m */,
			);
			name = OOTObject;
			sourceTree = "<group>";
		};
		FA9868A11350CF8800EB7F4E /* MD5 */ = {
			isa = PBXGroup;
			children = (
				FA9868A21350CF9200EB7F4E /* NSString+MD5.h */,
				FA9868A31350CF9200EB7F4E /* NSString+MD5.m */,
				FA9868A41350CF9200EB7F4E /* NSData+hex.h */,
				FA9868A51350CF9200EB7F4E /* NSData+hex.m */,
			);
			name = MD5;
			sourceTree = "<group>";
		};
		FA9868AB1350F1F700EB7F4E /* Main Window */ = {
			isa = PBXGroup;
			children = (
				FA34E42D13567709004F4C20 /* BuddyList */,
			);
			name = "Main Window";
			sourceTree = "<group>";
		};
		FAF97A3F1357887B00B4A9E9 /* Editing */ = {
			isa = PBXGroup;
			children = (
				FAF97A40135788AA00B4A9E9 /* OOTInsertBuddy.h */,
				FAF97A41135788AA00B4A9E9 /* OOTInsertBuddy.m */,
				FA4270001357C91600E0D8EC /* OOTInsertGroup.h */,
				FA4270011357C91600E0D8EC /* OOTInsertGroup.m */,
				FADAF1C7135912B300409D27 /* OOTDeleteBuddy.h */,
				FADAF1C8135912B300409D27 /* OOTDeleteBuddy.m */,
				FADCFE51135A6FC000F837C4 /* OOTDeleteGroup.h */,
				FADCFE52135A6FC000F837C4 /* OOTDeleteGroup.m */,
			);
			name = Editing;
			sourceTree = "<group>";
		};
/* End PBXGroup section */

/* Begin PBXNativeTarget section */
		FA98682F1350940C00EB7F4E /* JIMP Client */ = {
			isa = PBXNativeTarget;
			buildConfigurationList = FA9868621350940D00EB7F4E /* Build configuration list for PBXNativeTarget "JIMP Client" */;
			buildPhases = (
				FA98682C1350940C00EB7F4E /* Sources */,
				FA98682D1350940C00EB7F4E /* Frameworks */,
				FA98682E1350940C00EB7F4E /* Resources */,
			);
			buildRules = (
			);
			dependencies = (
			);
			name = "JIMP Client";
			productName = "JIMP Client";
			productReference = FA9868301350940C00EB7F4E /* JIMP Client.app */;
			productType = "com.apple.product-type.application";
		};
		FA9868501350940D00EB7F4E /* JIMP ClientTests */ = {
			isa = PBXNativeTarget;
			buildConfigurationList = FA9868651350940D00EB7F4E /* Build configuration list for PBXNativeTarget "JIMP ClientTests" */;
			buildPhases = (
				FA98684C1350940D00EB7F4E /* Sources */,
				FA98684D1350940D00EB7F4E /* Frameworks */,
				FA98684E1350940D00EB7F4E /* Resources */,
				FA98684F1350940D00EB7F4E /* ShellScript */,
			);
			buildRules = (
			);
			dependencies = (
				FA9868541350940D00EB7F4E /* PBXTargetDependency */,
			);
			name = "JIMP ClientTests";
			productName = "JIMP ClientTests";
			productReference = FA9868511350940D00EB7F4E /* JIMP ClientTests.octest */;
			productType = "com.apple.product-type.bundle";
		};
/* End PBXNativeTarget section */

/* Begin PBXProject section */
		FA9868271350940C00EB7F4E /* Project object */ = {
			isa = PBXProject;
			buildConfigurationList = FA98682A1350940C00EB7F4E /* Build configuration list for PBXProject "JIMP Client" */;
			compatibilityVersion = "Xcode 3.2";
			developmentRegion = English;
			hasScannedForEncodings = 0;
			knownRegions = (
				en,
			);
			mainGroup = FA9868251350940C00EB7F4E;
			productRefGroup = FA9868311350940C00EB7F4E /* Products */;
			projectDirPath = "";
			projectRoot = "";
			targets = (
				FA98682F1350940C00EB7F4E /* JIMP Client */,
				FA9868501350940D00EB7F4E /* JIMP ClientTests */,
			);
		};
/* End PBXProject section */

/* Begin PBXResourcesBuildPhase section */
		FA98682E1350940C00EB7F4E /* Resources */ = {
			isa = PBXResourcesBuildPhase;
			buildActionMask = 2147483647;
			files = (
				FA98683F1350940C00EB7F4E /* InfoPlist.strings in Resources */,
				FA9868451350940D00EB7F4E /* Credits.rtf in Resources */,
				FA98684B1350940D00EB7F4E /* MainMenu.xib in Resources */,
				FA8DFD4A135A1BE400BA0CA2 /* expand1.png in Resources */,
				FA8DFD4B135A1BE400BA0CA2 /* expand2.png in Resources */,
				FA8DFD50135A3AF300BA0CA2 /* jitsikIM.icns in Resources */,
			);
			runOnlyForDeploymentPostprocessing = 0;
		};
		FA98684E1350940D00EB7F4E /* Resources */ = {
			isa = PBXResourcesBuildPhase;
			buildActionMask = 2147483647;
			files = (
				FA98685A1350940D00EB7F4E /* InfoPlist.strings in Resources */,
				FA98685D1350940D00EB7F4E /* JIMP_ClientTests.h in Resources */,
			);
			runOnlyForDeploymentPostprocessing = 0;
		};
/* End PBXResourcesBuildPhase section */

/* Begin PBXShellScriptBuildPhase section */
		FA98684F1350940D00EB7F4E /* ShellScript */ = {
			isa = PBXShellScriptBuildPhase;
			buildActionMask = 2147483647;
			files = (
			);
			inputPaths = (
			);
			outputPaths = (
			);
			runOnlyForDeploymentPostprocessing = 0;
			shellPath = /bin/sh;
			shellScript = "# Run the unit tests in this test bundle.\n\"${SYSTEM_DEVELOPER_DIR}/Tools/RunUnitTests\"\n";
		};
/* End PBXShellScriptBuildPhase section */

/* Begin PBXSourcesBuildPhase section */
		FA98682C1350940C00EB7F4E /* Sources */ = {
			isa = PBXSourcesBuildPhase;
			buildActionMask = 2147483647;
			files = (
				FA9868421350940C00EB7F4E /* main.m in Sources */,
				FA9868481350940D00EB7F4E /* JIMP_ClientAppDelegate.m in Sources */,
				FA98686E1350945F00EB7F4E /* ANViewController.m in Sources */,
				FA986871135097E300EB7F4E /* SignonViewController.m in Sources */,
				FA9868741350987F00EB7F4E /* NSTextField+Label.m in Sources */,
				FA9868771350A19B00EB7F4E /* ANViewControllerView.m in Sources */,
				FA98687D1350A90F00EB7F4E /* ANLinkButton.m in Sources */,
				FA9868801350AD7400EB7F4E /* SignupViewController.m in Sources */,
				FA9868841350B55100EB7F4E /* OOTObject.m in Sources */,
				FA9868871350B57400EB7F4E /* ANByteBuffer.m in Sources */,
				FA98688A1350BFB100EB7F4E /* OOTConnection.m in Sources */,
				FA9868931350C8BF00EB7F4E /* JIMPSessionManager.m in Sources */,
				FA9868961350CAE700EB7F4E /* OOTAccount.m in Sources */,
				FA9868991350CAFA00EB7F4E /* OOTText.m in Sources */,
				FA9868A61350CF9200EB7F4E /* NSString+MD5.m in Sources */,
				FA9868A71350CF9200EB7F4E /* NSData+hex.m in Sources */,
				FA9868AA1350ED1F00EB7F4E /* LoadingViewController.m in Sources */,
				FA9868AE1350F27300EB7F4E /* BuddyListViewController.m in Sources */,
				FA9868B11350F41600EB7F4E /* OOTError.m in Sources */,
				FA9868B413510B6D00EB7F4E /* OOTSignup.m in Sources */,
				FA53CA281354E5E600D60A4A /* OOTArray.m in Sources */,
				FA53CA2B1354E69900D60A4A /* OOTUtil.m in Sources */,
				FA53CA311354ECE100D60A4A /* OOTBuddy.m in Sources */,
				FA53CA371354FB4A00D60A4A /* OOTObjectCreator.m in Sources */,
				FA3121B61354FF0500BC1F64 /* OOTBuddyList.m in Sources */,
				FAFD2F9C135501F600534232 /* BuddyListDisplayView.m in Sources */,
				FAFD2F9F1355021D00534232 /* BuddyList.m in Sources */,
				FA34E42313553D0F004F4C20 /* BuddyTitleCell.m in Sources */,
				FA34E426135540E7004F4C20 /* BlankCell.m in Sources */,
				FA34E4381356778A004F4C20 /* AddBuddyWindow.m in Sources */,
				FAF97A42135788AA00B4A9E9 /* OOTInsertBuddy.m in Sources */,
				FA426FFF1357C29B00E0D8EC /* AddGroupWindow.m in Sources */,
				FA4270021357C91700E0D8EC /* OOTInsertGroup.m in Sources */,
				FAE517AA1357E7DC00788706 /* BuddyListCell.m in Sources */,
				FADAF1C9135912B300409D27 /* OOTDeleteBuddy.m in Sources */,
				FA8DFD47135A057600BA0CA2 /* BuddyOutline.m in Sources */,
				FA8DFD4E135A202100BA0CA2 /* BuddyListItem.m in Sources */,
				FADCFE53135A6FC000F837C4 /* OOTDeleteGroup.m in Sources */,
				FA807032135B264C00E46812 /* JIMPBuddyListManager.m in Sources */,
			);
			runOnlyForDeploymentPostprocessing = 0;
		};
		FA98684C1350940D00EB7F4E /* Sources */ = {
			isa = PBXSourcesBuildPhase;
			buildActionMask = 2147483647;
			files = (
				FA98685F1350940D00EB7F4E /* JIMP_ClientTests.m in Sources */,
			);
			runOnlyForDeploymentPostprocessing = 0;
		};
/* End PBXSourcesBuildPhase section */

/* Begin PBXTargetDependency section */
		FA9868541350940D00EB7F4E /* PBXTargetDependency */ = {
			isa = PBXTargetDependency;
			target = FA98682F1350940C00EB7F4E /* JIMP Client */;
			targetProxy = FA9868531350940D00EB7F4E /* PBXContainerItemProxy */;
		};
/* End PBXTargetDependency section */

/* Begin PBXVariantGroup section */
		FA98683D1350940C00EB7F4E /* InfoPlist.strings */ = {
			isa = PBXVariantGroup;
			children = (
				FA98683E1350940C00EB7F4E /* en */,
			);
			name = InfoPlist.strings;
			sourceTree = "<group>";
		};
		FA9868431350940D00EB7F4E /* Credits.rtf */ = {
			isa = PBXVariantGroup;
			children = (
				FA9868441350940D00EB7F4E /* en */,
			);
			name = Credits.rtf;
			sourceTree = "<group>";
		};
		FA9868491350940D00EB7F4E /* MainMenu.xib */ = {
			isa = PBXVariantGroup;
			children = (
				FA98684A1350940D00EB7F4E /* en */,
			);
			name = MainMenu.xib;
			sourceTree = "<group>";
		};
		FA9868581350940D00EB7F4E /* InfoPlist.strings */ = {
			isa = PBXVariantGroup;
			children = (
				FA9868591350940D00EB7F4E /* en */,
			);
			name = InfoPlist.strings;
			sourceTree = "<group>";
		};
/* End PBXVariantGroup section */

/* Begin XCBuildConfiguration section */
		FA9868601350940D00EB7F4E /* Debug */ = {
			isa = XCBuildConfiguration;
			buildSettings = {
				ARCHS = "$(ARCHS_STANDARD_32_64_BIT)";
				GCC_C_LANGUAGE_STANDARD = gnu99;
				GCC_OPTIMIZATION_LEVEL = 0;
				GCC_PREPROCESSOR_DEFINITIONS = DEBUG;
				GCC_SYMBOLS_PRIVATE_EXTERN = NO;
				GCC_VERSION = com.apple.compilers.llvm.clang.1_0;
				GCC_WARN_64_TO_32_BIT_CONVERSION = YES;
				GCC_WARN_ABOUT_RETURN_TYPE = YES;
				GCC_WARN_UNUSED_VARIABLE = YES;
				MACOSX_DEPLOYMENT_TARGET = 10.6;
				ONLY_ACTIVE_ARCH = YES;
				SDKROOT = macosx;
			};
			name = Debug;
		};
		FA9868611350940D00EB7F4E /* Release */ = {
			isa = XCBuildConfiguration;
			buildSettings = {
				ARCHS = "$(ARCHS_STANDARD_32_64_BIT)";
				GCC_C_LANGUAGE_STANDARD = gnu99;
				GCC_VERSION = com.apple.compilers.llvm.clang.1_0;
				GCC_WARN_64_TO_32_BIT_CONVERSION = YES;
				GCC_WARN_ABOUT_RETURN_TYPE = YES;
				GCC_WARN_UNUSED_VARIABLE = YES;
				MACOSX_DEPLOYMENT_TARGET = 10.6;
				SDKROOT = macosx;
			};
			name = Release;
		};
		FA9868631350940D00EB7F4E /* Debug */ = {
			isa = XCBuildConfiguration;
			buildSettings = {
				ALWAYS_SEARCH_USER_PATHS = NO;
				COPY_PHASE_STRIP = NO;
				GCC_DYNAMIC_NO_PIC = NO;
				GCC_ENABLE_OBJC_EXCEPTIONS = YES;
				GCC_PRECOMPILE_PREFIX_HEADER = YES;
				GCC_PREFIX_HEADER = "JIMP Client/JIMP Client-Prefix.pch";
				INFOPLIST_FILE = "JIMP Client/JIMP Client-Info.plist";
				PRODUCT_NAME = "$(TARGET_NAME)";
				WRAPPER_EXTENSION = app;
			};
			name = Debug;
		};
		FA9868641350940D00EB7F4E /* Release */ = {
			isa = XCBuildConfiguration;
			buildSettings = {
				ALWAYS_SEARCH_USER_PATHS = NO;
				COPY_PHASE_STRIP = YES;
				DEBUG_INFORMATION_FORMAT = "dwarf-with-dsym";
				GCC_ENABLE_OBJC_EXCEPTIONS = YES;
				GCC_PRECOMPILE_PREFIX_HEADER = YES;
				GCC_PREFIX_HEADER = "JIMP Client/JIMP Client-Prefix.pch";
				INFOPLIST_FILE = "JIMP Client/JIMP Client-Info.plist";
				PRODUCT_NAME = "$(TARGET_NAME)";
				WRAPPER_EXTENSION = app;
			};
			name = Release;
		};
		FA9868661350940D00EB7F4E /* Debug */ = {
			isa = XCBuildConfiguration;
			buildSettings = {
				ALWAYS_SEARCH_USER_PATHS = NO;
				BUNDLE_LOADER = "$(BUILT_PRODUCTS_DIR)/JIMP Client.app/Contents/MacOS/JIMP Client";
				COPY_PHASE_STRIP = NO;
				FRAMEWORK_SEARCH_PATHS = "$(DEVELOPER_LIBRARY_DIR)/Frameworks";
				GCC_DYNAMIC_NO_PIC = NO;
				GCC_ENABLE_OBJC_EXCEPTIONS = YES;
				GCC_PRECOMPILE_PREFIX_HEADER = YES;
				GCC_PREFIX_HEADER = "JIMP ClientTests/JIMP ClientTests-Prefix.pch";
				INFOPLIST_FILE = "JIMP ClientTests/JIMP ClientTests-Info.plist";
				OTHER_LDFLAGS = (
					"-framework",
					SenTestingKit,
				);
				PRODUCT_NAME = "$(TARGET_NAME)";
				TEST_HOST = "$(BUNDLE_LOADER)";
				WRAPPER_EXTENSION = octest;
			};
			name = Debug;
		};
		FA9868671350940D00EB7F4E /* Release */ = {
			isa = XCBuildConfiguration;
			buildSettings = {
				ALWAYS_SEARCH_USER_PATHS = NO;
				BUNDLE_LOADER = "$(BUILT_PRODUCTS_DIR)/JIMP Client.app/Contents/MacOS/JIMP Client";
				COPY_PHASE_STRIP = YES;
				DEBUG_INFORMATION_FORMAT = "dwarf-with-dsym";
				FRAMEWORK_SEARCH_PATHS = "$(DEVELOPER_LIBRARY_DIR)/Frameworks";
				GCC_ENABLE_OBJC_EXCEPTIONS = YES;
				GCC_PRECOMPILE_PREFIX_HEADER = YES;
				GCC_PREFIX_HEADER = "JIMP ClientTests/JIMP ClientTests-Prefix.pch";
				INFOPLIST_FILE = "JIMP ClientTests/JIMP ClientTests-Info.plist";
				OTHER_LDFLAGS = (
					"-framework",
					SenTestingKit,
				);
				PRODUCT_NAME = "$(TARGET_NAME)";
				TEST_HOST = "$(BUNDLE_LOADER)";
				WRAPPER_EXTENSION = octest;
			};
			name = Release;
		};
/* End XCBuildConfiguration section */

/* Begin XCConfigurationList section */
		FA98682A1350940C00EB7F4E /* Build configuration list for PBXProject "JIMP Client" */ = {
			isa = XCConfigurationList;
			buildConfigurations = (
				FA9868601350940D00EB7F4E /* Debug */,
				FA9868611350940D00EB7F4E /* Release */,
			);
			defaultConfigurationIsVisible = 0;
			defaultConfigurationName = Release;
		};
		FA9868621350940D00EB7F4E /* Build configuration list for PBXNativeTarget "JIMP Client" */ = {
			isa = XCConfigurationList;
			buildConfigurations = (
				FA9868631350940D00EB7F4E /* Debug */,
				FA9868641350940D00EB7F4E /* Release */,
			);
			defaultConfigurationIsVisible = 0;
			defaultConfigurationName = Release;
		};
		FA9868651350940D00EB7F4E /* Build configuration list for PBXNativeTarget "JIMP ClientTests" */ = {
			isa = XCConfigurationList;
			buildConfigurations = (
				FA9868661350940D00EB7F4E /* Debug */,
				FA9868671350940D00EB7F4E /* Release */,
			);
			defaultConfigurationIsVisible = 0;
			defaultConfigurationName = Release;
		};
/* End XCConfigurationList section */
	};
	rootObject = FA9868271350940C00EB7F4E /* Project object */;
}
